// !$*UTF8*$!
{
	archiveVersion = 1;
	classes = {
	};
	objectVersion = 50;
	objects = {

/* Begin PBXBuildFile section */
		302F599E229D846C0054630F /* AppDelegate.swift in Sources */ = {isa = PBXBuildFile; fileRef = 302F599D229D846C0054630F /* AppDelegate.swift */; };
		302F59A0229D846C0054630F /* ViewController.swift in Sources */ = {isa = PBXBuildFile; fileRef = 302F599F229D846C0054630F /* ViewController.swift */; };
		302F59A3229D846C0054630F /* Main.storyboard in Resources */ = {isa = PBXBuildFile; fileRef = 302F59A1229D846C0054630F /* Main.storyboard */; };
		302F59A5229D846E0054630F /* Assets.xcassets in Resources */ = {isa = PBXBuildFile; fileRef = 302F59A4229D846E0054630F /* Assets.xcassets */; };
		302F59A8229D846E0054630F /* LaunchScreen.storyboard in Resources */ = {isa = PBXBuildFile; fileRef = 302F59A6229D846E0054630F /* LaunchScreen.storyboard */; };
		EAA694AC1F44DAEDC12C2C2E /* Pods_CrashableApp.framework in Frameworks */ = {isa = PBXBuildFile; fileRef = FDB288585A4B639C92FEC378 /* Pods_CrashableApp.framework */; };
/* End PBXBuildFile section */

/* Begin PBXFileReference section */
		302F599A229D846C0054630F /* CrashableApp.app */ = {isa = PBXFileReference; explicitFileType = wrapper.application; includeInIndex = 0; path = CrashableApp.app; sourceTree = BUILT_PRODUCTS_DIR; };
		302F599D229D846C0054630F /* AppDelegate.swift */ = {isa = PBXFileReference; lastKnownFileType = sourcecode.swift; path = AppDelegate.swift; sourceTree = "<group>"; };
		302F599F229D846C0054630F /* ViewController.swift */ = {isa = PBXFileReference; lastKnownFileType = sourcecode.swift; path = ViewController.swift; sourceTree = "<group>"; };
		302F59A2229D846C0054630F /* Base */ = {isa = PBXFileReference; lastKnownFileType = file.storyboard; name = Base; path = Base.lproj/Main.storyboard; sourceTree = "<group>"; };
		302F59A4229D846E0054630F /* Assets.xcassets */ = {isa = PBXFileReference; lastKnownFileType = folder.assetcatalog; path = Assets.xcassets; sourceTree = "<group>"; };
		302F59A7229D846E0054630F /* Base */ = {isa = PBXFileReference; lastKnownFileType = file.storyboard; name = Base; path = Base.lproj/LaunchScreen.storyboard; sourceTree = "<group>"; };
		302F59A9229D846E0054630F /* Info.plist */ = {isa = PBXFileReference; lastKnownFileType = text.plist.xml; path = Info.plist; sourceTree = "<group>"; };
		9CF402D6026618BDE141E568 /* Pods-CrashableApp.debug.xcconfig */ = {isa = PBXFileReference; includeInIndex = 1; lastKnownFileType = text.xcconfig; name = "Pods-CrashableApp.debug.xcconfig"; path = "Target Support Files/Pods-CrashableApp/Pods-CrashableApp.debug.xcconfig"; sourceTree = "<group>"; };
		FC02BB69A4BED8AF4F49C67E /* Pods-CrashableApp.release.xcconfig */ = {isa = PBXFileReference; includeInIndex = 1; lastKnownFileType = text.xcconfig; name = "Pods-CrashableApp.release.xcconfig"; path = "Target Support Files/Pods-CrashableApp/Pods-CrashableApp.release.xcconfig"; sourceTree = "<group>"; };
		FDB288585A4B639C92FEC378 /* Pods_CrashableApp.framework */ = {isa = PBXFileReference; explicitFileType = wrapper.framework; includeInIndex = 0; path = Pods_CrashableApp.framework; sourceTree = BUILT_PRODUCTS_DIR; };
/* End PBXFileReference section */

/* Begin PBXFrameworksBuildPhase section */
		302F5997229D846C0054630F /* Frameworks */ = {
			isa = PBXFrameworksBuildPhase;
			buildActionMask = 2147483647;
			files = (
				EAA694AC1F44DAEDC12C2C2E /* Pods_CrashableApp.framework in Frameworks */,
			);
			runOnlyForDeploymentPostprocessing = 0;
		};
/* End PBXFrameworksBuildPhase section */

/* Begin PBXGroup section */
		117DA9C3972554697AD9605B /* Pods */ = {
			isa = PBXGroup;
			children = (
				9CF402D6026618BDE141E568 /* Pods-CrashableApp.debug.xcconfig */,
				FC02BB69A4BED8AF4F49C67E /* Pods-CrashableApp.release.xcconfig */,
			);
			path = Pods;
			sourceTree = "<group>";
		};
		302F5991229D846C0054630F = {
			isa = PBXGroup;
			children = (
				302F599C229D846C0054630F /* CrashableApp */,
				302F599B229D846C0054630F /* Products */,
				117DA9C3972554697AD9605B /* Pods */,
				46052E588D8CDA445FB8E14D /* Frameworks */,
			);
			sourceTree = "<group>";
		};
		302F599B229D846C0054630F /* Products */ = {
			isa = PBXGroup;
			children = (
				302F599A229D846C0054630F /* CrashableApp.app */,
			);
			name = Products;
			sourceTree = "<group>";
		};
		302F599C229D846C0054630F /* CrashableApp */ = {
			isa = PBXGroup;
			children = (
				302F599D229D846C0054630F /* AppDelegate.swift */,
				302F599F229D846C0054630F /* ViewController.swift */,
				302F59A1229D846C0054630F /* Main.storyboard */,
				302F59A4229D846E0054630F /* Assets.xcassets */,
				302F59A6229D846E0054630F /* LaunchScreen.storyboard */,
				302F59A9229D846E0054630F /* Info.plist */,
			);
			path = CrashableApp;
			sourceTree = "<group>";
		};
		46052E588D8CDA445FB8E14D /* Frameworks */ = {
			isa = PBXGroup;
			children = (
				FDB288585A4B639C92FEC378 /* Pods_CrashableApp.framework */,
			);
			name = Frameworks;
			sourceTree = "<group>";
		};
/* End PBXGroup section */

/* Begin PBXNativeTarget section */
		302F5999229D846C0054630F /* CrashableApp */ = {
			isa = PBXNativeTarget;
			buildConfigurationList = 302F59AC229D846E0054630F /* Build configuration list for PBXNativeTarget "CrashableApp" */;
			buildPhases = (
				6587C1A9D24E1196353CF261 /* [CP] Check Pods Manifest.lock */,
				302F5996229D846C0054630F /* Sources */,
				302F5997229D846C0054630F /* Frameworks */,
				302F5998229D846C0054630F /* Resources */,
				302F59AF229D8C470054630F /* ShellScript */,
			);
			buildRules = (
			);
			dependencies = (
			);
			name = CrashableApp;
			productName = CrashableApp;
			productReference = 302F599A229D846C0054630F /* CrashableApp.app */;
			productType = "com.apple.product-type.application";
		};
/* End PBXNativeTarget section */

/* Begin PBXProject section */
		302F5992229D846C0054630F /* Project object */ = {
			isa = PBXProject;
			attributes = {
				LastSwiftUpdateCheck = 1020;
				LastUpgradeCheck = 1020;
				ORGANIZATIONNAME = "Kenneth Moody Sr";
				TargetAttributes = {
					302F5999229D846C0054630F = {
						CreatedOnToolsVersion = 10.2.1;
					};
				};
			};
			buildConfigurationList = 302F5995229D846C0054630F /* Build configuration list for PBXProject "CrashableApp" */;
			compatibilityVersion = "Xcode 9.3";
			developmentRegion = en;
			hasScannedForEncodings = 0;
			knownRegions = (
				en,
				Base,
			);
			mainGroup = 302F5991229D846C0054630F;
			productRefGroup = 302F599B229D846C0054630F /* Products */;
			projectDirPath = "";
			projectRoot = "";
			targets = (
				302F5999229D846C0054630F /* CrashableApp */,
			);
		};
/* End PBXProject section */

/* Begin PBXResourcesBuildPhase section */
		302F5998229D846C0054630F /* Resources */ = {
			isa = PBXResourcesBuildPhase;
			buildActionMask = 2147483647;
			files = (
				302F59A8229D846E0054630F /* LaunchScreen.storyboard in Resources */,
				302F59A5229D846E0054630F /* Assets.xcassets in Resources */,
				302F59A3229D846C0054630F /* Main.storyboard in Resources */,
			);
			runOnlyForDeploymentPostprocessing = 0;
		};
/* End PBXResourcesBuildPhase section */

/* Begin PBXShellScriptBuildPhase section */
		302F59AF229D8C470054630F /* ShellScript */ = {
			isa = PBXShellScriptBuildPhase;
			buildActionMask = 2147483647;
			files = (
			);
			inputFileListPaths = (
			);
			inputPaths = (
				"$(BUILT_PRODUCTS_DIR)/$(INFOPLIST_PATH)",
			);
			outputFileListPaths = (
			);
			outputPaths = (
			);
			runOnlyForDeploymentPostprocessing = 0;
			shellPath = /bin/sh;
			shellScript = "\"${PODS_ROOT}/Fabric/run\" 0eef741e3d3c62a75be45fcc764a1c2f2db6afb8 c72f38208eadf841fd54368323284e8730f76b274299fd34caf4f0978d939e9a\n";
		};
		6587C1A9D24E1196353CF261 /* [CP] Check Pods Manifest.lock */ = {
			isa = PBXShellScriptBuildPhase;
			buildActionMask = 2147483647;
			files = (
			);
			inputFileListPaths = (
			);
			inputPaths = (
				"${PODS_PODFILE_DIR_PATH}/Podfile.lock",
				"${PODS_ROOT}/Manifest.lock",
			);
			name = "[CP] Check Pods Manifest.lock";
			outputFileListPaths = (
			);
			outputPaths = (
				"$(DERIVED_FILE_DIR)/Pods-CrashableApp-checkManifestLockResult.txt",
			);
			runOnlyForDeploymentPostprocessing = 0;
			shellPath = /bin/sh;
			shellScript = "diff \"${PODS_PODFILE_DIR_PATH}/Podfile.lock\" \"${PODS_ROOT}/Manifest.lock\" > /dev/null\nif [ $? != 0 ] ; then\n    # print error to STDERR\n    echo \"error: The sandbox is not in sync with the Podfile.lock. Run 'pod install' or update your CocoaPods installation.\" >&2\n    exit 1\nfi\n# This output is used by Xcode 'outputs' to avoid re-running this script phase.\necho \"SUCCESS\" > \"${SCRIPT_OUTPUT_FILE_0}\"\n";
			showEnvVarsInLog = 0;
		};
/* End PBXShellScriptBuildPhase section */

/* Begin PBXSourcesBuildPhase section */
		302F5996229D846C0054630F /* Sources */ = {
			isa = PBXSourcesBuildPhase;
			buildActionMask = 2147483647;
			files = (
				302F59A0229D846C0054630F /* ViewController.swift in Sources */,
				302F599E229D846C0054630F /* AppDelegate.swift in Sources */,
			);
			runOnlyForDeploymentPostprocessing = 0;
		};
/* End PBXSourcesBuildPhase section */

/* Begin PBXVariantGroup section */
		302F59A1229D846C0054630F /* Main.storyboard */ = {
			isa = PBXVariantGroup;
			children = (
				302F59A2229D846C0054630F /* Base */,
			);
			name = Main.storyboard;
			sourceTree = "<group>";
		};
		302F59A6229D846E0054630F /* LaunchScreen.storyboard */ = {
			isa = PBXVariantGroup;
			children = (
				302F59A7229D846E0054630F /* Base */,
			);
			name = LaunchScreen.storyboard;
			sourceTree = "<group>";
		};
/* End PBXVariantGroup section */

/* Begin XCBuildConfiguration section */
		302F59AA229D846E0054630F /* Debug */ = {
			isa = XCBuildConfiguration;
			buildSettings = {
				ALWAYS_SEARCH_USER_PATHS = NO;
				CLANG_ANALYZER_NONNULL = YES;
				CLANG_ANALYZER_NUMBER_OBJECT_CONVERSION = YES_AGGRESSIVE;
				CLANG_CXX_LANGUAGE_STANDARD = "gnu++14";
				CLANG_CXX_LIBRARY = "libc++";
				CLANG_ENABLE_MODULES = YES;
				CLANG_ENABLE_OBJC_ARC = YES;
				CLANG_ENABLE_OBJC_WEAK = YES;
				CLANG_WARN_BLOCK_CAPTURE_AUTORELEASING = YES;
				CLANG_WARN_BOOL_CONVERSION = YES;
				CLANG_WARN_COMMA = YES;
				CLANG_WARN_CONSTANT_CONVERSION = YES;
				CLANG_WARN_DEPRECATED_OBJC_IMPLEMENTATIONS = YES;
				CLANG_WARN_DIRECT_OBJC_ISA_USAGE = YES_ERROR;
				CLANG_WARN_DOCUMENTATION_COMMENTS = YES;
				CLANG_WARN_EMPTY_BODY = YES;
				CLANG_WARN_ENUM_CONVERSION = YES;
				CLANG_WARN_INFINITE_RECURSION = YES;
				CLANG_WARN_INT_CONVERSION = YES;
				CLANG_WARN_NON_LITERAL_NULL_CONVERSION = YES;
				CLANG_WARN_OBJC_IMPLICIT_RETAIN_SELF = YES;
				CLANG_WARN_OBJC_LITERAL_CONVERSION = YES;
				CLANG_WARN_OBJC_ROOT_CLASS = YES_ERROR;
				CLANG_WARN_RANGE_LOOP_ANALYSIS = YES;
				CLANG_WARN_STRICT_PROTOTYPES = YES;
				CLANG_WARN_SUSPICIOUS_MOVE = YES;
				CLANG_WARN_UNGUARDED_AVAILABILITY = YES_AGGRESSIVE;
				CLANG_WARN_UNREACHABLE_CODE = YES;
				CLANG_WARN__DUPLICATE_METHOD_MATCH = YES;
				CODE_SIGN_IDENTITY = "iPhone Developer";
				COPY_PHASE_STRIP = NO;
				DEBUG_INFORMATION_FORMAT = dwarf;
				ENABLE_STRICT_OBJC_MSGSEND = YES;
				ENABLE_TESTABILITY = YES;
				GCC_C_LANGUAGE_STANDARD = gnu11;
				GCC_DYNAMIC_NO_PIC = NO;
				GCC_NO_COMMON_BLOCKS = YES;
				GCC_OPTIMIZATION_LEVEL = 0;
				GCC_PREPROCESSOR_DEFINITIONS = (
					"DEBUG=1",
					"$(inherited)",
				);
				GCC_WARN_64_TO_32_BIT_CONVERSION = YES;
				GCC_WARN_ABOUT_RETURN_TYPE = YES_ERROR;
				GCC_WARN_UNDECLARED_SELECTOR = YES;
				GCC_WARN_UNINITIALIZED_AUTOS = YES_AGGRESSIVE;
				GCC_WARN_UNUSED_FUNCTION = YES;
				GCC_WARN_UNUSED_VARIABLE = YES;
				IPHONEOS_DEPLOYMENT_TARGET = 12.2;
				MTL_ENABLE_DEBUG_INFO = INCLUDE_SOURCE;
				MTL_FAST_MATH = YES;
				ONLY_ACTIVE_ARCH = YES;
				SDKROOT = iphoneos;
				SWIFT_ACTIVE_COMPILATION_CONDITIONS = DEBUG;
				SWIFT_OPTIMIZATION_LEVEL = "-Onone";
			};
			name = Debug;
		};
		302F59AB229D846E0054630F /* Release */ = {
			isa = XCBuildConfiguration;
			buildSettings = {
				ALWAYS_SEARCH_USER_PATHS = NO;
				CLANG_ANALYZER_NONNULL = YES;
				CLANG_ANALYZER_NUMBER_OBJECT_CONVERSION = YES_AGGRESSIVE;
				CLANG_CXX_LANGUAGE_STANDARD = "gnu++14";
				CLANG_CXX_LIBRARY = "libc++";
				CLANG_ENABLE_MODULES = YES;
				CLANG_ENABLE_OBJC_ARC = YES;
				CLANG_ENABLE_OBJC_WEAK = YES;
				CLANG_WARN_BLOCK_CAPTURE_AUTORELEASING = YES;
				CLANG_WARN_BOOL_CONVERSION = YES;
				CLANG_WARN_COMMA = YES;
				CLANG_WARN_CONSTANT_CONVERSION = YES;
				CLANG_WARN_DEPRECATED_OBJC_IMPLEMENTATIONS = YES;
				CLANG_WARN_DIRECT_OBJC_ISA_USAGE = YES_ERROR;
				CLANG_WARN_DOCUMENTATION_COMMENTS = YES;
				CLANG_WARN_EMPTY_BODY = YES;
				CLANG_WARN_ENUM_CONVERSION = YES;
				CLANG_WARN_INFINITE_RECURSION = YES;
				CLANG_WARN_INT_CONVERSION = YES;
				CLANG_WARN_NON_LITERAL_NULL_CONVERSION = YES;
				CLANG_WARN_OBJC_IMPLICIT_RETAIN_SELF = YES;
				CLANG_WARN_OBJC_LITERAL_CONVERSION = YES;
				CLANG_WARN_OBJC_ROOT_CLASS = YES_ERROR;
				CLANG_WARN_RANGE_LOOP_ANALYSIS = YES;
				CLANG_WARN_STRICT_PROTOTYPES = YES;
				CLANG_WARN_SUSPICIOUS_MOVE = YES;
				CLANG_WARN_UNGUARDED_AVAILABILITY = YES_AGGRESSIVE;
				CLANG_WARN_UNREACHABLE_CODE = YES;
				CLANG_WARN__DUPLICATE_METHOD_MATCH = YES;
				CODE_SIGN_IDENTITY = "iPhone Developer";
				COPY_PHASE_STRIP = NO;
				DEBUG_INFORMATION_FORMAT = "dwarf-with-dsym";
				ENABLE_NS_ASSERTIONS = NO;
				ENABLE_STRICT_OBJC_MSGSEND = YES;
				GCC_C_LANGUAGE_STANDARD = gnu11;
				GCC_NO_COMMON_BLOCKS = YES;
				GCC_WARN_64_TO_32_BIT_CONVERSION = YES;
				GCC_WARN_ABOUT_RETURN_TYPE = YES_ERROR;
				GCC_WARN_UNDECLARED_SELECTOR = YES;
				GCC_WARN_UNINITIALIZED_AUTOS = YES_AGGRESSIVE;
				GCC_WARN_UNUSED_FUNCTION = YES;
				GCC_WARN_UNUSED_VARIABLE = YES;
				IPHONEOS_DEPLOYMENT_TARGET = 12.2;
				MTL_ENABLE_DEBUG_INFO = NO;
				MTL_FAST_MATH = YES;
				SDKROOT = iphoneos;
				SWIFT_COMPILATION_MODE = wholemodule;
				SWIFT_OPTIMIZATION_LEVEL = "-O";
				VALIDATE_PRODUCT = YES;
			};
			name = Release;
		};
		302F59AD229D846E0054630F /* Debug */ = {
			isa = XCBuildConfiguration;
			baseConfigurationReference = 9CF402D6026618BDE141E568 /* Pods-CrashableApp.debug.xcconfig */;
			buildSettings = {
				ASSETCATALOG_COMPILER_APPICON_NAME = AppIcon;
				CODE_SIGN_STYLE = Automatic;
				DEBUG_INFORMATION_FORMAT = "dwarf-with-dsym";
				DEVELOPMENT_TEAM = 33L2ZKF2XN;
				INFOPLIST_FILE = CrashableApp/Info.plist;
				LD_RUNPATH_SEARCH_PATHS = (
					"$(inherited)",
					"@executable_path/Frameworks",
				);
				PRODUCT_BUNDLE_IDENTIFIER = "com.Moody-Studios-LLC.CrashableApp";
				PRODUCT_NAME = "$(TARGET_NAME)";
				SWIFT_VERSION = 5.0;
				TARGETED_DEVICE_FAMILY = "1,2";
			};
			name = Debug;
		};
		302F59AE229D846E0054630F /* Release */ = {
			isa = XCBuildConfiguration;
			baseConfigurationReference = FC02BB69A4BED8AF4F49C67E /* Pods-CrashableApp.release.xcconfig */;
			buildSettings = {
				ASSETCATALOG_COMPILER_APPICON_NAME = AppIcon;
				CODE_SIGN_STYLE = Automatic;
				DEVELOPMENT_TEAM = 33L2ZKF2XN;
				INFOPLIST_FILE = CrashableApp/Info.plist;
				LD_RUNPATH_SEARCH_PATHS = (
					"$(inherited)",
					"@executable_path/Frameworks",
				);
				PRODUCT_BUNDLE_IDENTIFIER = "com.Moody-Studios-LLC.CrashableApp";
				PRODUCT_NAME = "$(TARGET_NAME)";
				SWIFT_VERSION = 5.0;
				TARGETED_DEVICE_FAMILY = "1,2";
			};
			name = Release;
		};
/* End XCBuildConfiguration section */

/* Begin XCConfigurationList section */
		302F5995229D846C0054630F /* Build configuration list for PBXProject "CrashableApp" */ = {
			isa = XCConfigurationList;
			buildConfigurations = (
				302F59AA229D846E0054630F /* Debug */,
				302F59AB229D846E0054630F /* Release */,
			);
			defaultConfigurationIsVisible = 0;
			defaultConfigurationName = Release;
		};
		302F59AC229D846E0054630F /* Build configuration list for PBXNativeTarget "CrashableApp" */ = {
			isa = XCConfigurationList;
			buildConfigurations = (
				302F59AD229D846E0054630F /* Debug */,
				302F59AE229D846E0054630F /* Release */,
			);
			defaultConfigurationIsVisible = 0;
			defaultConfigurationName = Release;
		};
/* End XCConfigurationList section */
	};
	rootObject = 302F5992229D846C0054630F /* Project object */;
}
